
Microsoft Visual Studio Solution File, Format Version 12.00
# Visual Studio Version 17
VisualStudioVersion = 17.0.31423.177
MinimumVisualStudioVersion = 10.0.40219.1
Project("{9A19103F-16F7-4668-BE54-9A1E7A4F7556}") = "FasTnT.Domain", "FasTnT.Domain\FasTnT.Domain.csproj", "{BD0FD839-B1D0-4CD1-A0EE-8192E8460532}"
EndProject
Project("{9A19103F-16F7-4668-BE54-9A1E7A4F7556}") = "FasTnT.Application", "FasTnT.Application\FasTnT.Application.csproj", "{69116A3C-F1E7-4411-99D1-CE89C79E1114}"
EndProject
Project("{9A19103F-16F7-4668-BE54-9A1E7A4F7556}") = "FasTnT.Host", "FasTnT.Host\FasTnT.Host.csproj", "{245E5EE4-2C00-4C62-ABCD-1775BFE8EAC2}"
EndProject
Project("{2150E333-8FDC-42A3-9474-1A3956D46DE8}") = "Tests", "Tests", "{0D9E736D-BF92-400A-964E-FB0E708ED015}"
EndProject
Project("{9A19103F-16F7-4668-BE54-9A1E7A4F7556}") = "FasTnT.Application.Tests", "Tests\FasTnT.Application.Tests\FasTnT.Application.Tests.csproj", "{A57CDC30-C080-4671-A575-7954A219BB5F}"
EndProject
Project("{9A19103F-16F7-4668-BE54-9A1E7A4F7556}") = "FasTnT.Migrations.SqlServer", "FasTnT.Migrations.SqlServer\FasTnT.Migrations.SqlServer.csproj", "{3A63605F-7A83-4618-8A7D-A3AC8703FE6F}"
EndProject
Project("{2150E333-8FDC-42A3-9474-1A3956D46DE8}") = "Migrations", "Migrations", "{91390250-5085-4334-823A-334F36A02D54}"
EndProject
Project("{9A19103F-16F7-4668-BE54-9A1E7A4F7556}") = "FasTnT.Features.v1_2", "FasTnT.Features.v1_2\FasTnT.Features.v1_2.csproj", "{B041DB81-A0A4-4E9A-985D-572B07E69E59}"
EndProject
Project("{9A19103F-16F7-4668-BE54-9A1E7A4F7556}") = "FasTnT.Features.v2_0", "FasTnT.Features.v2_0\FasTnT.Features.v2_0.csproj", "{E3D3B3D3-6E90-4FA9-9A4A-E4CFB8D41EC7}"
EndProject
Project("{2150E333-8FDC-42A3-9474-1A3956D46DE8}") = "Features", "Features", "{C51D4B97-60B3-46C0-AD62-8CC5709A217C}"
EndProject
Project("{2150E333-8FDC-42A3-9474-1A3956D46DE8}") = "Solution Items", "Solution Items", "{D4A53D38-52BE-4C2D-A92D-B22948C80BDD}"
	ProjectSection(SolutionItems) = preProject
		README.md = README.md
	EndProjectSection
EndProject
Project("{FAE04EC0-301F-11D3-BF4B-00C04F79EFBC}") = "FasTnT.Features.v1_2.Tests", "Tests\FasTnT.Features.v1_2.Tests\FasTnT.Features.v1_2.Tests.csproj", "{8A1E27B2-6769-4A5A-8498-127E939C3021}"
EndProject
Project("{FAE04EC0-301F-11D3-BF4B-00C04F79EFBC}") = "FasTnT.Features.v2_0.Tests", "FasTnT.Features.v2_0.Tests\FasTnT.Features.v2_0.Tests.csproj", "{431685B9-7DA1-4572-8D59-253593FD8E7A}"
EndProject
Global
	GlobalSection(SolutionConfigurationPlatforms) = preSolution
		Debug|Any CPU = Debug|Any CPU
		Release|Any CPU = Release|Any CPU
	EndGlobalSection
	GlobalSection(ProjectConfigurationPlatforms) = postSolution
		{BD0FD839-B1D0-4CD1-A0EE-8192E8460532}.Debug|Any CPU.ActiveCfg = Debug|Any CPU
		{BD0FD839-B1D0-4CD1-A0EE-8192E8460532}.Debug|Any CPU.Build.0 = Debug|Any CPU
		{BD0FD839-B1D0-4CD1-A0EE-8192E8460532}.Release|Any CPU.ActiveCfg = Release|Any CPU
		{BD0FD839-B1D0-4CD1-A0EE-8192E8460532}.Release|Any CPU.Build.0 = Release|Any CPU
		{69116A3C-F1E7-4411-99D1-CE89C79E1114}.Debug|Any CPU.ActiveCfg = Debug|Any CPU
		{69116A3C-F1E7-4411-99D1-CE89C79E1114}.Debug|Any CPU.Build.0 = Debug|Any CPU
		{69116A3C-F1E7-4411-99D1-CE89C79E1114}.Release|Any CPU.ActiveCfg = Release|Any CPU
		{69116A3C-F1E7-4411-99D1-CE89C79E1114}.Release|Any CPU.Build.0 = Release|Any CPU
		{245E5EE4-2C00-4C62-ABCD-1775BFE8EAC2}.Debug|Any CPU.ActiveCfg = Debug|Any CPU
		{245E5EE4-2C00-4C62-ABCD-1775BFE8EAC2}.Debug|Any CPU.Build.0 = Debug|Any CPU
		{245E5EE4-2C00-4C62-ABCD-1775BFE8EAC2}.Release|Any CPU.ActiveCfg = Release|Any CPU
		{245E5EE4-2C00-4C62-ABCD-1775BFE8EAC2}.Release|Any CPU.Build.0 = Release|Any CPU
		{A57CDC30-C080-4671-A575-7954A219BB5F}.Debug|Any CPU.ActiveCfg = Debug|Any CPU
		{A57CDC30-C080-4671-A575-7954A219BB5F}.Debug|Any CPU.Build.0 = Debug|Any CPU
		{A57CDC30-C080-4671-A575-7954A219BB5F}.Release|Any CPU.ActiveCfg = Release|Any CPU
		{A57CDC30-C080-4671-A575-7954A219BB5F}.Release|Any CPU.Build.0 = Release|Any CPU
		{3A63605F-7A83-4618-8A7D-A3AC8703FE6F}.Debug|Any CPU.ActiveCfg = Debug|Any CPU
		{3A63605F-7A83-4618-8A7D-A3AC8703FE6F}.Debug|Any CPU.Build.0 = Debug|Any CPU
		{3A63605F-7A83-4618-8A7D-A3AC8703FE6F}.Release|Any CPU.ActiveCfg = Release|Any CPU
		{3A63605F-7A83-4618-8A7D-A3AC8703FE6F}.Release|Any CPU.Build.0 = Release|Any CPU
		{B041DB81-A0A4-4E9A-985D-572B07E69E59}.Debug|Any CPU.ActiveCfg = Debug|Any CPU
		{B041DB81-A0A4-4E9A-985D-572B07E69E59}.Debug|Any CPU.Build.0 = Debug|Any CPU
		{B041DB81-A0A4-4E9A-985D-572B07E69E59}.Release|Any CPU.ActiveCfg = Release|Any CPU
		{B041DB81-A0A4-4E9A-985D-572B07E69E59}.Release|Any CPU.Build.0 = Release|Any CPU
		{E3D3B3D3-6E90-4FA9-9A4A-E4CFB8D41EC7}.Debug|Any CPU.ActiveCfg = Debug|Any CPU
		{E3D3B3D3-6E90-4FA9-9A4A-E4CFB8D41EC7}.Debug|Any CPU.Build.0 = Debug|Any CPU
		{E3D3B3D3-6E90-4FA9-9A4A-E4CFB8D41EC7}.Release|Any CPU.ActiveCfg = Release|Any CPU
		{E3D3B3D3-6E90-4FA9-9A4A-E4CFB8D41EC7}.Release|Any CPU.Build.0 = Release|Any CPU
		{8A1E27B2-6769-4A5A-8498-127E939C3021}.Debug|Any CPU.ActiveCfg = Debug|Any CPU
		{8A1E27B2-6769-4A5A-8498-127E939C3021}.Debug|Any CPU.Build.0 = Debug|Any CPU
		{8A1E27B2-6769-4A5A-8498-127E939C3021}.Release|Any CPU.ActiveCfg = Release|Any CPU
		{8A1E27B2-6769-4A5A-8498-127E939C3021}.Release|Any CPU.Build.0 = Release|Any CPU
		{431685B9-7DA1-4572-8D59-253593FD8E7A}.Debug|Any CPU.ActiveCfg = Debug|Any CPU
		{431685B9-7DA1-4572-8D59-253593FD8E7A}.Debug|Any CPU.Build.0 = Debug|Any CPU
		{431685B9-7DA1-4572-8D59-253593FD8E7A}.Release|Any CPU.ActiveCfg = Release|Any CPU
		{431685B9-7DA1-4572-8D59-253593FD8E7A}.Release|Any CPU.Build.0 = Release|Any CPU
	EndGlobalSection
	GlobalSection(SolutionProperties) = preSolution
		HideSolutionNode = FALSE
	EndGlobalSection
	GlobalSection(NestedProjects) = preSolution
		{A57CDC30-C080-4671-A575-7954A219BB5F} = {0D9E736D-BF92-400A-964E-FB0E708ED015}
		{3A63605F-7A83-4618-8A7D-A3AC8703FE6F} = {91390250-5085-4334-823A-334F36A02D54}
		{B041DB81-A0A4-4E9A-985D-572B07E69E59} = {C51D4B97-60B3-46C0-AD62-8CC5709A217C}
		{E3D3B3D3-6E90-4FA9-9A4A-E4CFB8D41EC7} = {C51D4B97-60B3-46C0-AD62-8CC5709A217C}
		{8A1E27B2-6769-4A5A-8498-127E939C3021} = {0D9E736D-BF92-400A-964E-FB0E708ED015}
		{431685B9-7DA1-4572-8D59-253593FD8E7A} = {0D9E736D-BF92-400A-964E-FB0E708ED015}
	EndGlobalSection
	GlobalSection(ExtensibilityGlobals) = postSolution
		SolutionGuid = {BD276E44-6D3E-4F0F-A9A1-89D1317C6286}
	EndGlobalSection
EndGlobal
