
Microsoft Visual Studio Solution File, Format Version 12.00
# Visual Studio Version 17
VisualStudioVersion = 17.0.31423.177
MinimumVisualStudioVersion = 10.0.40219.1
Project("{9A19103F-16F7-4668-BE54-9A1E7A4F7556}") = "FasTnT.Application", "src\FasTnT.Application\FasTnT.Application.csproj", "{69116A3C-F1E7-4411-99D1-CE89C79E1114}"
EndProject
Project("{2150E333-8FDC-42A3-9474-1A3956D46DE8}") = "Tests", "Tests", "{0D9E736D-BF92-400A-964E-FB0E708ED015}"
EndProject
Project("{9A19103F-16F7-4668-BE54-9A1E7A4F7556}") = "FasTnT.Application.Tests", "tests\FasTnT.Application.Tests\FasTnT.Application.Tests.csproj", "{A57CDC30-C080-4671-A575-7954A219BB5F}"
EndProject
Project("{9A19103F-16F7-4668-BE54-9A1E7A4F7556}") = "FasTnT.Host", "src\FasTnT.Host\FasTnT.Host.csproj", "{245E5EE4-2C00-4C62-ABCD-1775BFE8EAC2}"
EndProject
Project("{2150E333-8FDC-42A3-9474-1A3956D46DE8}") = "Providers", "Providers", "{AEDA07AE-4296-487B-85F9-3BF23FD21AC9}"
EndProject
Project("{9A19103F-16F7-4668-BE54-9A1E7A4F7556}") = "FasTnT.SqlServer", "src\Providers\FasTnT.SqlServer\FasTnT.SqlServer.csproj", "{01316B15-D60B-4406-A817-1A93B1E8E67A}"
EndProject
Project("{9A19103F-16F7-4668-BE54-9A1E7A4F7556}") = "FasTnT.Postgres", "src\Providers\FasTnT.Postgres\FasTnT.Postgres.csproj", "{6D185477-2919-4221-A04B-25E913A9DF88}"
EndProject
Project("{9A19103F-16F7-4668-BE54-9A1E7A4F7556}") = "FasTnT.Sqlite", "src\Providers\FasTnT.Sqlite\FasTnT.Sqlite.csproj", "{633B2FD9-D8E0-421B-B783-47CBC46A61D1}"
EndProject
Project("{9A19103F-16F7-4668-BE54-9A1E7A4F7556}") = "FasTnT.Host.Tests", "tests\FasTnT.Host.Tests\FasTnT.Host.Tests.csproj", "{247AE2F0-76CA-40BE-B7F1-696AD8FA9024}"
EndProject
Project("{9A19103F-16F7-4668-BE54-9A1E7A4F7556}") = "FasTnT.IntegrationTests", "tests\FasTnT.IntegrationTests\FasTnT.IntegrationTests.csproj", "{FF9D497A-BCDE-4950-9CC1-20F972570698}"
EndProject
Global
	GlobalSection(SolutionConfigurationPlatforms) = preSolution
		Debug|Any CPU = Debug|Any CPU
		Release|Any CPU = Release|Any CPU
	EndGlobalSection
	GlobalSection(ProjectConfigurationPlatforms) = postSolution
		{69116A3C-F1E7-4411-99D1-CE89C79E1114}.Debug|Any CPU.ActiveCfg = Debug|Any CPU
		{69116A3C-F1E7-4411-99D1-CE89C79E1114}.Debug|Any CPU.Build.0 = Debug|Any CPU
		{69116A3C-F1E7-4411-99D1-CE89C79E1114}.Release|Any CPU.ActiveCfg = Release|Any CPU
		{69116A3C-F1E7-4411-99D1-CE89C79E1114}.Release|Any CPU.Build.0 = Release|Any CPU
		{A57CDC30-C080-4671-A575-7954A219BB5F}.Debug|Any CPU.ActiveCfg = Debug|Any CPU
		{A57CDC30-C080-4671-A575-7954A219BB5F}.Debug|Any CPU.Build.0 = Debug|Any CPU
		{A57CDC30-C080-4671-A575-7954A219BB5F}.Release|Any CPU.ActiveCfg = Release|Any CPU
		{A57CDC30-C080-4671-A575-7954A219BB5F}.Release|Any CPU.Build.0 = Release|Any CPU
		{245E5EE4-2C00-4C62-ABCD-1775BFE8EAC2}.Debug|Any CPU.ActiveCfg = Debug|Any CPU
		{245E5EE4-2C00-4C62-ABCD-1775BFE8EAC2}.Debug|Any CPU.Build.0 = Debug|Any CPU
		{245E5EE4-2C00-4C62-ABCD-1775BFE8EAC2}.Release|Any CPU.ActiveCfg = Release|Any CPU
		{245E5EE4-2C00-4C62-ABCD-1775BFE8EAC2}.Release|Any CPU.Build.0 = Release|Any CPU
		{01316B15-D60B-4406-A817-1A93B1E8E67A}.Debug|Any CPU.ActiveCfg = Debug|Any CPU
		{01316B15-D60B-4406-A817-1A93B1E8E67A}.Debug|Any CPU.Build.0 = Debug|Any CPU
		{01316B15-D60B-4406-A817-1A93B1E8E67A}.Release|Any CPU.ActiveCfg = Release|Any CPU
		{01316B15-D60B-4406-A817-1A93B1E8E67A}.Release|Any CPU.Build.0 = Release|Any CPU
		{6D185477-2919-4221-A04B-25E913A9DF88}.Debug|Any CPU.ActiveCfg = Debug|Any CPU
		{6D185477-2919-4221-A04B-25E913A9DF88}.Debug|Any CPU.Build.0 = Debug|Any CPU
		{6D185477-2919-4221-A04B-25E913A9DF88}.Release|Any CPU.ActiveCfg = Release|Any CPU
		{6D185477-2919-4221-A04B-25E913A9DF88}.Release|Any CPU.Build.0 = Release|Any CPU
		{633B2FD9-D8E0-421B-B783-47CBC46A61D1}.Debug|Any CPU.ActiveCfg = Debug|Any CPU
		{633B2FD9-D8E0-421B-B783-47CBC46A61D1}.Debug|Any CPU.Build.0 = Debug|Any CPU
		{633B2FD9-D8E0-421B-B783-47CBC46A61D1}.Release|Any CPU.ActiveCfg = Release|Any CPU
		{633B2FD9-D8E0-421B-B783-47CBC46A61D1}.Release|Any CPU.Build.0 = Release|Any CPU
		{247AE2F0-76CA-40BE-B7F1-696AD8FA9024}.Debug|Any CPU.ActiveCfg = Debug|Any CPU
		{247AE2F0-76CA-40BE-B7F1-696AD8FA9024}.Debug|Any CPU.Build.0 = Debug|Any CPU
		{247AE2F0-76CA-40BE-B7F1-696AD8FA9024}.Release|Any CPU.ActiveCfg = Release|Any CPU
		{247AE2F0-76CA-40BE-B7F1-696AD8FA9024}.Release|Any CPU.Build.0 = Release|Any CPU
		{FF9D497A-BCDE-4950-9CC1-20F972570698}.Debug|Any CPU.ActiveCfg = Debug|Any CPU
		{FF9D497A-BCDE-4950-9CC1-20F972570698}.Debug|Any CPU.Build.0 = Debug|Any CPU
		{FF9D497A-BCDE-4950-9CC1-20F972570698}.Release|Any CPU.ActiveCfg = Release|Any CPU
		{FF9D497A-BCDE-4950-9CC1-20F972570698}.Release|Any CPU.Build.0 = Release|Any CPU
	EndGlobalSection
	GlobalSection(SolutionProperties) = preSolution
		HideSolutionNode = FALSE
	EndGlobalSection
	GlobalSection(NestedProjects) = preSolution
		{A57CDC30-C080-4671-A575-7954A219BB5F} = {0D9E736D-BF92-400A-964E-FB0E708ED015}
		{01316B15-D60B-4406-A817-1A93B1E8E67A} = {AEDA07AE-4296-487B-85F9-3BF23FD21AC9}
		{6D185477-2919-4221-A04B-25E913A9DF88} = {AEDA07AE-4296-487B-85F9-3BF23FD21AC9}
		{633B2FD9-D8E0-421B-B783-47CBC46A61D1} = {AEDA07AE-4296-487B-85F9-3BF23FD21AC9}
		{247AE2F0-76CA-40BE-B7F1-696AD8FA9024} = {0D9E736D-BF92-400A-964E-FB0E708ED015}
		{FF9D497A-BCDE-4950-9CC1-20F972570698} = {0D9E736D-BF92-400A-964E-FB0E708ED015}
	EndGlobalSection
	GlobalSection(ExtensibilityGlobals) = postSolution
		SolutionGuid = {BD276E44-6D3E-4F0F-A9A1-89D1317C6286}
	EndGlobalSection
EndGlobal
